// !$*UTF8*$!
{
	archiveVersion = 1;
	classes = {
	};
	objectVersion = 56;
	objects = {

/* Begin PBXBuildFile section */
		FA1090B42C22617300BB1437 /* FileManager.xcdatamodeld in Sources */ = {isa = PBXBuildFile; fileRef = FA1090B22C22617300BB1437 /* FileManager.xcdatamodeld */; };
		FA1090B82C2266A300BB1437 /* CoreDataManager.swift in Sources */ = {isa = PBXBuildFile; fileRef = FA1090B72C2266A300BB1437 /* CoreDataManager.swift */; };
		FA1090BA2C22911100BB1437 /* HomeViewModel.swift in Sources */ = {isa = PBXBuildFile; fileRef = FA1090B92C22911100BB1437 /* HomeViewModel.swift */; };
		FA355BCE2C21C1E6002FAC4A /* RecentsViewController.swift in Sources */ = {isa = PBXBuildFile; fileRef = FA355BCD2C21C1E6002FAC4A /* RecentsViewController.swift */; };
		FA37CA4B2C2944F900178886 /* FileAndFolderManager.swift in Sources */ = {isa = PBXBuildFile; fileRef = FA37CA4A2C2944F900178886 /* FileAndFolderManager.swift */; };
		FA37CA4E2C2BB0F600178886 /* GridCell.swift in Sources */ = {isa = PBXBuildFile; fileRef = FA37CA4C2C2BB0F600178886 /* GridCell.swift */; };
		FA37CA4F2C2BB0F600178886 /* GridCell.xib in Resources */ = {isa = PBXBuildFile; fileRef = FA37CA4D2C2BB0F600178886 /* GridCell.xib */; };
		FA37CA522C2BBF4900178886 /* CameraActionSheet.swift in Sources */ = {isa = PBXBuildFile; fileRef = FA37CA502C2BBF4900178886 /* CameraActionSheet.swift */; };
		FA37CA532C2BBF4900178886 /* CameraActionSheet.xib in Resources */ = {isa = PBXBuildFile; fileRef = FA37CA512C2BBF4900178886 /* CameraActionSheet.xib */; };
		FAF7661D2C1FE8AD00DE9D05 /* AppDelegate.swift in Sources */ = {isa = PBXBuildFile; fileRef = FAF7661C2C1FE8AD00DE9D05 /* AppDelegate.swift */; };
		FAF7661F2C1FE8AD00DE9D05 /* SceneDelegate.swift in Sources */ = {isa = PBXBuildFile; fileRef = FAF7661E2C1FE8AD00DE9D05 /* SceneDelegate.swift */; };
		FAF766212C1FE8AD00DE9D05 /* HomeViewController.swift in Sources */ = {isa = PBXBuildFile; fileRef = FAF766202C1FE8AD00DE9D05 /* HomeViewController.swift */; };
		FAF766242C1FE8AD00DE9D05 /* Main.storyboard in Resources */ = {isa = PBXBuildFile; fileRef = FAF766222C1FE8AD00DE9D05 /* Main.storyboard */; };
		FAF766262C1FE8AF00DE9D05 /* Assets.xcassets in Resources */ = {isa = PBXBuildFile; fileRef = FAF766252C1FE8AF00DE9D05 /* Assets.xcassets */; };
		FAF766292C1FE8AF00DE9D05 /* LaunchScreen.storyboard in Resources */ = {isa = PBXBuildFile; fileRef = FAF766272C1FE8AF00DE9D05 /* LaunchScreen.storyboard */; };
		FAF766362C20041C00DE9D05 /* HeaderCollectionView.swift in Sources */ = {isa = PBXBuildFile; fileRef = FAF766352C20041C00DE9D05 /* HeaderCollectionView.swift */; };
		FAF766392C200FCA00DE9D05 /* OneCellCollectionViewCell.swift in Sources */ = {isa = PBXBuildFile; fileRef = FAF766372C200FCA00DE9D05 /* OneCellCollectionViewCell.swift */; };
		FAF7663A2C200FCA00DE9D05 /* OneCellCollectionViewCell.xib in Resources */ = {isa = PBXBuildFile; fileRef = FAF766382C200FCA00DE9D05 /* OneCellCollectionViewCell.xib */; };
		FAF7663C2C21B6B700DE9D05 /* TabBarViewController.swift in Sources */ = {isa = PBXBuildFile; fileRef = FAF7663B2C21B6B700DE9D05 /* TabBarViewController.swift */; };
/* End PBXBuildFile section */

/* Begin PBXFileReference section */
		FA1090B32C22617300BB1437 /* FileManager.xcdatamodel */ = {isa = PBXFileReference; lastKnownFileType = wrapper.xcdatamodel; path = FileManager.xcdatamodel; sourceTree = "<group>"; };
		FA1090B72C2266A300BB1437 /* CoreDataManager.swift */ = {isa = PBXFileReference; lastKnownFileType = sourcecode.swift; path = CoreDataManager.swift; sourceTree = "<group>"; };
		FA1090B92C22911100BB1437 /* HomeViewModel.swift */ = {isa = PBXFileReference; lastKnownFileType = sourcecode.swift; path = HomeViewModel.swift; sourceTree = "<group>"; };
		FA355BCD2C21C1E6002FAC4A /* RecentsViewController.swift */ = {isa = PBXFileReference; lastKnownFileType = sourcecode.swift; path = RecentsViewController.swift; sourceTree = "<group>"; };
		FA37CA4A2C2944F900178886 /* FileAndFolderManager.swift */ = {isa = PBXFileReference; lastKnownFileType = sourcecode.swift; path = FileAndFolderManager.swift; sourceTree = "<group>"; };
		FA37CA4C2C2BB0F600178886 /* GridCell.swift */ = {isa = PBXFileReference; lastKnownFileType = sourcecode.swift; path = GridCell.swift; sourceTree = "<group>"; };
		FA37CA4D2C2BB0F600178886 /* GridCell.xib */ = {isa = PBXFileReference; lastKnownFileType = file.xib; path = GridCell.xib; sourceTree = "<group>"; };
		FA37CA502C2BBF4900178886 /* CameraActionSheet.swift */ = {isa = PBXFileReference; lastKnownFileType = sourcecode.swift; path = CameraActionSheet.swift; sourceTree = "<group>"; };
		FA37CA512C2BBF4900178886 /* CameraActionSheet.xib */ = {isa = PBXFileReference; lastKnownFileType = file.xib; path = CameraActionSheet.xib; sourceTree = "<group>"; };
		FAF766192C1FE8AD00DE9D05 /* FileManager.app */ = {isa = PBXFileReference; explicitFileType = wrapper.application; includeInIndex = 0; path = FileManager.app; sourceTree = BUILT_PRODUCTS_DIR; };
		FAF7661C2C1FE8AD00DE9D05 /* AppDelegate.swift */ = {isa = PBXFileReference; lastKnownFileType = sourcecode.swift; path = AppDelegate.swift; sourceTree = "<group>"; };
		FAF7661E2C1FE8AD00DE9D05 /* SceneDelegate.swift */ = {isa = PBXFileReference; lastKnownFileType = sourcecode.swift; path = SceneDelegate.swift; sourceTree = "<group>"; };
		FAF766202C1FE8AD00DE9D05 /* HomeViewController.swift */ = {isa = PBXFileReference; lastKnownFileType = sourcecode.swift; path = HomeViewController.swift; sourceTree = "<group>"; };
		FAF766232C1FE8AD00DE9D05 /* Base */ = {isa = PBXFileReference; lastKnownFileType = file.storyboard; name = Base; path = Base.lproj/Main.storyboard; sourceTree = "<group>"; };
		FAF766252C1FE8AF00DE9D05 /* Assets.xcassets */ = {isa = PBXFileReference; lastKnownFileType = folder.assetcatalog; path = Assets.xcassets; sourceTree = "<group>"; };
		FAF766282C1FE8AF00DE9D05 /* Base */ = {isa = PBXFileReference; lastKnownFileType = file.storyboard; name = Base; path = Base.lproj/LaunchScreen.storyboard; sourceTree = "<group>"; };
		FAF7662A2C1FE8AF00DE9D05 /* Info.plist */ = {isa = PBXFileReference; lastKnownFileType = text.plist.xml; path = Info.plist; sourceTree = "<group>"; };
		FAF766352C20041C00DE9D05 /* HeaderCollectionView.swift */ = {isa = PBXFileReference; lastKnownFileType = sourcecode.swift; path = HeaderCollectionView.swift; sourceTree = "<group>"; };
		FAF766372C200FCA00DE9D05 /* OneCellCollectionViewCell.swift */ = {isa = PBXFileReference; lastKnownFileType = sourcecode.swift; path = OneCellCollectionViewCell.swift; sourceTree = "<group>"; };
		FAF766382C200FCA00DE9D05 /* OneCellCollectionViewCell.xib */ = {isa = PBXFileReference; lastKnownFileType = file.xib; path = OneCellCollectionViewCell.xib; sourceTree = "<group>"; };
		FAF7663B2C21B6B700DE9D05 /* TabBarViewController.swift */ = {isa = PBXFileReference; lastKnownFileType = sourcecode.swift; path = TabBarViewController.swift; sourceTree = "<group>"; };
/* End PBXFileReference section */

/* Begin PBXFrameworksBuildPhase section */
		FAF766162C1FE8AD00DE9D05 /* Frameworks */ = {
			isa = PBXFrameworksBuildPhase;
			buildActionMask = 2147483647;
			files = (
			);
			runOnlyForDeploymentPostprocessing = 0;
		};
/* End PBXFrameworksBuildPhase section */

/* Begin PBXGroup section */
		FA1090B52C2264FE00BB1437 /* Utility */ = {
			isa = PBXGroup;
			children = (
				FA1090B72C2266A300BB1437 /* CoreDataManager.swift */,
				FA37CA4A2C2944F900178886 /* FileAndFolderManager.swift */,
			);
			path = Utility;
			sourceTree = "<group>";
		};
		FA1090B62C22659800BB1437 /* Services */ = {
			isa = PBXGroup;
			children = (
			);
			path = Services;
			sourceTree = "<group>";
		};
		FA1090BB2C24D64900BB1437 /* Controllers */ = {
			isa = PBXGroup;
			children = (
				FA1090BD2C24D67200BB1437 /* Others */,
				FA1090BC2C24D65E00BB1437 /* Core */,
			);
			path = Controllers;
			sourceTree = "<group>";
		};
		FA1090BC2C24D65E00BB1437 /* Core */ = {
			isa = PBXGroup;
			children = (
				FAF766202C1FE8AD00DE9D05 /* HomeViewController.swift */,
				FAF7663B2C21B6B700DE9D05 /* TabBarViewController.swift */,
				FA355BCD2C21C1E6002FAC4A /* RecentsViewController.swift */,
			);
			path = Core;
			sourceTree = "<group>";
		};
		FA1090BD2C24D67200BB1437 /* Others */ = {
			isa = PBXGroup;
			children = (
				FA37CA502C2BBF4900178886 /* CameraActionSheet.swift */,
				FAF766372C200FCA00DE9D05 /* OneCellCollectionViewCell.swift */,
				FAF766352C20041C00DE9D05 /* HeaderCollectionView.swift */,
				FA37CA4C2C2BB0F600178886 /* GridCell.swift */,
			);
			path = Others;
			sourceTree = "<group>";
		};
		FAF766102C1FE8AD00DE9D05 = {
			isa = PBXGroup;
			children = (
				FAF7661B2C1FE8AD00DE9D05 /* FileManager */,
				FAF7661A2C1FE8AD00DE9D05 /* Products */,
			);
			sourceTree = "<group>";
		};
		FAF7661A2C1FE8AD00DE9D05 /* Products */ = {
			isa = PBXGroup;
			children = (
				FAF766192C1FE8AD00DE9D05 /* FileManager.app */,
			);
			name = Products;
			sourceTree = "<group>";
		};
		FAF7661B2C1FE8AD00DE9D05 /* FileManager */ = {
			isa = PBXGroup;
			children = (
				FA1090BB2C24D64900BB1437 /* Controllers */,
				FA1090B62C22659800BB1437 /* Services */,
				FA1090B52C2264FE00BB1437 /* Utility */,
				FAF766332C1FF55700DE9D05 /* ViewModels */,
				FAF766322C1FF53D00DE9D05 /* Models */,
				FAF766312C1FF53300DE9D05 /* Views */,
				FAF766302C1FF50400DE9D05 /* Supporting */,
				FAF7662A2C1FE8AF00DE9D05 /* Info.plist */,
			);
			path = FileManager;
			sourceTree = "<group>";
		};
		FAF766302C1FF50400DE9D05 /* Supporting */ = {
			isa = PBXGroup;
			children = (
				FAF7661C2C1FE8AD00DE9D05 /* AppDelegate.swift */,
				FAF7661E2C1FE8AD00DE9D05 /* SceneDelegate.swift */,
				FAF766252C1FE8AF00DE9D05 /* Assets.xcassets */,
				FAF766272C1FE8AF00DE9D05 /* LaunchScreen.storyboard */,
				FA1090B22C22617300BB1437 /* FileManager.xcdatamodeld */,
			);
			path = Supporting;
			sourceTree = "<group>";
		};
		FAF766312C1FF53300DE9D05 /* Views */ = {
			isa = PBXGroup;
			children = (
				FAF766222C1FE8AD00DE9D05 /* Main.storyboard */,
				FAF766342C2003F400DE9D05 /* CustomView */,
			);
			path = Views;
			sourceTree = "<group>";
		};
		FAF766322C1FF53D00DE9D05 /* Models */ = {
			isa = PBXGroup;
			children = (
			);
			path = Models;
			sourceTree = "<group>";
		};
		FAF766332C1FF55700DE9D05 /* ViewModels */ = {
			isa = PBXGroup;
			children = (
				FA1090B92C22911100BB1437 /* HomeViewModel.swift */,
			);
			path = ViewModels;
			sourceTree = "<group>";
		};
		FAF766342C2003F400DE9D05 /* CustomView */ = {
			isa = PBXGroup;
			children = (
				FA37CA4D2C2BB0F600178886 /* GridCell.xib */,
				FAF766382C200FCA00DE9D05 /* OneCellCollectionViewCell.xib */,
				FA37CA512C2BBF4900178886 /* CameraActionSheet.xib */,
			);
			path = CustomView;
			sourceTree = "<group>";
		};
/* End PBXGroup section */

/* Begin PBXNativeTarget section */
		FAF766182C1FE8AD00DE9D05 /* FileManager */ = {
			isa = PBXNativeTarget;
			buildConfigurationList = FAF7662D2C1FE8AF00DE9D05 /* Build configuration list for PBXNativeTarget "FileManager" */;
			buildPhases = (
				FAF766152C1FE8AD00DE9D05 /* Sources */,
				FAF766162C1FE8AD00DE9D05 /* Frameworks */,
				FAF766172C1FE8AD00DE9D05 /* Resources */,
			);
			buildRules = (
			);
			dependencies = (
			);
			name = FileManager;
			productName = FileManager;
			productReference = FAF766192C1FE8AD00DE9D05 /* FileManager.app */;
			productType = "com.apple.product-type.application";
		};
/* End PBXNativeTarget section */

/* Begin PBXProject section */
		FAF766112C1FE8AD00DE9D05 /* Project object */ = {
			isa = PBXProject;
			attributes = {
				BuildIndependentTargetsInParallel = 1;
				LastSwiftUpdateCheck = 1500;
				LastUpgradeCheck = 1500;
				TargetAttributes = {
					FAF766182C1FE8AD00DE9D05 = {
						CreatedOnToolsVersion = 15.0;
					};
				};
			};
			buildConfigurationList = FAF766142C1FE8AD00DE9D05 /* Build configuration list for PBXProject "FileManager" */;
			compatibilityVersion = "Xcode 14.0";
			developmentRegion = en;
			hasScannedForEncodings = 0;
			knownRegions = (
				en,
				Base,
			);
			mainGroup = FAF766102C1FE8AD00DE9D05;
			productRefGroup = FAF7661A2C1FE8AD00DE9D05 /* Products */;
			projectDirPath = "";
			projectRoot = "";
			targets = (
				FAF766182C1FE8AD00DE9D05 /* FileManager */,
			);
		};
/* End PBXProject section */

/* Begin PBXResourcesBuildPhase section */
		FAF766172C1FE8AD00DE9D05 /* Resources */ = {
			isa = PBXResourcesBuildPhase;
			buildActionMask = 2147483647;
			files = (
				FAF766292C1FE8AF00DE9D05 /* LaunchScreen.storyboard in Resources */,
				FA37CA4F2C2BB0F600178886 /* GridCell.xib in Resources */,
				FAF766262C1FE8AF00DE9D05 /* Assets.xcassets in Resources */,
				FAF766242C1FE8AD00DE9D05 /* Main.storyboard in Resources */,
				FA37CA532C2BBF4900178886 /* CameraActionSheet.xib in Resources */,
				FAF7663A2C200FCA00DE9D05 /* OneCellCollectionViewCell.xib in Resources */,
			);
			runOnlyForDeploymentPostprocessing = 0;
		};
/* End PBXResourcesBuildPhase section */

/* Begin PBXSourcesBuildPhase section */
		FAF766152C1FE8AD00DE9D05 /* Sources */ = {
			isa = PBXSourcesBuildPhase;
			buildActionMask = 2147483647;
			files = (
				FAF766212C1FE8AD00DE9D05 /* HomeViewController.swift in Sources */,
				FAF766362C20041C00DE9D05 /* HeaderCollectionView.swift in Sources */,
				FA37CA522C2BBF4900178886 /* CameraActionSheet.swift in Sources */,
				FAF766392C200FCA00DE9D05 /* OneCellCollectionViewCell.swift in Sources */,
				FA1090BA2C22911100BB1437 /* HomeViewModel.swift in Sources */,
				FA1090B42C22617300BB1437 /* FileManager.xcdatamodeld in Sources */,
				FAF7661D2C1FE8AD00DE9D05 /* AppDelegate.swift in Sources */,
				FA355BCE2C21C1E6002FAC4A /* RecentsViewController.swift in Sources */,
				FA37CA4B2C2944F900178886 /* FileAndFolderManager.swift in Sources */,
				FA1090B82C2266A300BB1437 /* CoreDataManager.swift in Sources */,
				FAF7663C2C21B6B700DE9D05 /* TabBarViewController.swift in Sources */,
				FAF7661F2C1FE8AD00DE9D05 /* SceneDelegate.swift in Sources */,
				FA37CA4E2C2BB0F600178886 /* GridCell.swift in Sources */,
			);
			runOnlyForDeploymentPostprocessing = 0;
		};
/* End PBXSourcesBuildPhase section */

/* Begin PBXVariantGroup section */
		FAF766222C1FE8AD00DE9D05 /* Main.storyboard */ = {
			isa = PBXVariantGroup;
			children = (
				FAF766232C1FE8AD00DE9D05 /* Base */,
			);
			name = Main.storyboard;
			sourceTree = "<group>";
		};
		FAF766272C1FE8AF00DE9D05 /* LaunchScreen.storyboard */ = {
			isa = PBXVariantGroup;
			children = (
				FAF766282C1FE8AF00DE9D05 /* Base */,
			);
			name = LaunchScreen.storyboard;
			sourceTree = "<group>";
		};
/* End PBXVariantGroup section */

/* Begin XCBuildConfiguration section */
		FAF7662B2C1FE8AF00DE9D05 /* Debug */ = {
			isa = XCBuildConfiguration;
			buildSettings = {
				ALWAYS_SEARCH_USER_PATHS = NO;
				ASSETCATALOG_COMPILER_GENERATE_SWIFT_ASSET_SYMBOL_EXTENSIONS = YES;
				CLANG_ANALYZER_NONNULL = YES;
				CLANG_ANALYZER_NUMBER_OBJECT_CONVERSION = YES_AGGRESSIVE;
				CLANG_CXX_LANGUAGE_STANDARD = "gnu++20";
				CLANG_ENABLE_MODULES = YES;
				CLANG_ENABLE_OBJC_ARC = YES;
				CLANG_ENABLE_OBJC_WEAK = YES;
				CLANG_WARN_BLOCK_CAPTURE_AUTORELEASING = YES;
				CLANG_WARN_BOOL_CONVERSION = YES;
				CLANG_WARN_COMMA = YES;
				CLANG_WARN_CONSTANT_CONVERSION = YES;
				CLANG_WARN_DEPRECATED_OBJC_IMPLEMENTATIONS = YES;
				CLANG_WARN_DIRECT_OBJC_ISA_USAGE = YES_ERROR;
				CLANG_WARN_DOCUMENTATION_COMMENTS = YES;
				CLANG_WARN_EMPTY_BODY = YES;
				CLANG_WARN_ENUM_CONVERSION = YES;
				CLANG_WARN_INFINITE_RECURSION = YES;
				CLANG_WARN_INT_CONVERSION = YES;
				CLANG_WARN_NON_LITERAL_NULL_CONVERSION = YES;
				CLANG_WARN_OBJC_IMPLICIT_RETAIN_SELF = YES;
				CLANG_WARN_OBJC_LITERAL_CONVERSION = YES;
				CLANG_WARN_OBJC_ROOT_CLASS = YES_ERROR;
				CLANG_WARN_QUOTED_INCLUDE_IN_FRAMEWORK_HEADER = YES;
				CLANG_WARN_RANGE_LOOP_ANALYSIS = YES;
				CLANG_WARN_STRICT_PROTOTYPES = YES;
				CLANG_WARN_SUSPICIOUS_MOVE = YES;
				CLANG_WARN_UNGUARDED_AVAILABILITY = YES_AGGRESSIVE;
				CLANG_WARN_UNREACHABLE_CODE = YES;
				CLANG_WARN__DUPLICATE_METHOD_MATCH = YES;
				COPY_PHASE_STRIP = NO;
				DEBUG_INFORMATION_FORMAT = dwarf;
				ENABLE_STRICT_OBJC_MSGSEND = YES;
				ENABLE_TESTABILITY = YES;
				ENABLE_USER_SCRIPT_SANDBOXING = YES;
				GCC_C_LANGUAGE_STANDARD = gnu17;
				GCC_DYNAMIC_NO_PIC = NO;
				GCC_NO_COMMON_BLOCKS = YES;
				GCC_OPTIMIZATION_LEVEL = 0;
				GCC_PREPROCESSOR_DEFINITIONS = (
					"DEBUG=1",
					"$(inherited)",
				);
				GCC_WARN_64_TO_32_BIT_CONVERSION = YES;
				GCC_WARN_ABOUT_RETURN_TYPE = YES_ERROR;
				GCC_WARN_UNDECLARED_SELECTOR = YES;
				GCC_WARN_UNINITIALIZED_AUTOS = YES_AGGRESSIVE;
				GCC_WARN_UNUSED_FUNCTION = YES;
				GCC_WARN_UNUSED_VARIABLE = YES;
				IPHONEOS_DEPLOYMENT_TARGET = 17.0;
				LOCALIZATION_PREFERS_STRING_CATALOGS = YES;
				MTL_ENABLE_DEBUG_INFO = INCLUDE_SOURCE;
				MTL_FAST_MATH = YES;
				ONLY_ACTIVE_ARCH = YES;
				SDKROOT = iphoneos;
				SWIFT_ACTIVE_COMPILATION_CONDITIONS = "DEBUG $(inherited)";
				SWIFT_OPTIMIZATION_LEVEL = "-Onone";
			};
			name = Debug;
		};
		FAF7662C2C1FE8AF00DE9D05 /* Release */ = {
			isa = XCBuildConfiguration;
			buildSettings = {
				ALWAYS_SEARCH_USER_PATHS = NO;
				ASSETCATALOG_COMPILER_GENERATE_SWIFT_ASSET_SYMBOL_EXTENSIONS = YES;
				CLANG_ANALYZER_NONNULL = YES;
				CLANG_ANALYZER_NUMBER_OBJECT_CONVERSION = YES_AGGRESSIVE;
				CLANG_CXX_LANGUAGE_STANDARD = "gnu++20";
				CLANG_ENABLE_MODULES = YES;
				CLANG_ENABLE_OBJC_ARC = YES;
				CLANG_ENABLE_OBJC_WEAK = YES;
				CLANG_WARN_BLOCK_CAPTURE_AUTORELEASING = YES;
				CLANG_WARN_BOOL_CONVERSION = YES;
				CLANG_WARN_COMMA = YES;
				CLANG_WARN_CONSTANT_CONVERSION = YES;
				CLANG_WARN_DEPRECATED_OBJC_IMPLEMENTATIONS = YES;
				CLANG_WARN_DIRECT_OBJC_ISA_USAGE = YES_ERROR;
				CLANG_WARN_DOCUMENTATION_COMMENTS = YES;
				CLANG_WARN_EMPTY_BODY = YES;
				CLANG_WARN_ENUM_CONVERSION = YES;
				CLANG_WARN_INFINITE_RECURSION = YES;
				CLANG_WARN_INT_CONVERSION = YES;
				CLANG_WARN_NON_LITERAL_NULL_CONVERSION = YES;
				CLANG_WARN_OBJC_IMPLICIT_RETAIN_SELF = YES;
				CLANG_WARN_OBJC_LITERAL_CONVERSION = YES;
				CLANG_WARN_OBJC_ROOT_CLASS = YES_ERROR;
				CLANG_WARN_QUOTED_INCLUDE_IN_FRAMEWORK_HEADER = YES;
				CLANG_WARN_RANGE_LOOP_ANALYSIS = YES;
				CLANG_WARN_STRICT_PROTOTYPES = YES;
				CLANG_WARN_SUSPICIOUS_MOVE = YES;
				CLANG_WARN_UNGUARDED_AVAILABILITY = YES_AGGRESSIVE;
				CLANG_WARN_UNREACHABLE_CODE = YES;
				CLANG_WARN__DUPLICATE_METHOD_MATCH = YES;
				COPY_PHASE_STRIP = NO;
				DEBUG_INFORMATION_FORMAT = "dwarf-with-dsym";
				ENABLE_NS_ASSERTIONS = NO;
				ENABLE_STRICT_OBJC_MSGSEND = YES;
				ENABLE_USER_SCRIPT_SANDBOXING = YES;
				GCC_C_LANGUAGE_STANDARD = gnu17;
				GCC_NO_COMMON_BLOCKS = YES;
				GCC_WARN_64_TO_32_BIT_CONVERSION = YES;
				GCC_WARN_ABOUT_RETURN_TYPE = YES_ERROR;
				GCC_WARN_UNDECLARED_SELECTOR = YES;
				GCC_WARN_UNINITIALIZED_AUTOS = YES_AGGRESSIVE;
				GCC_WARN_UNUSED_FUNCTION = YES;
				GCC_WARN_UNUSED_VARIABLE = YES;
				IPHONEOS_DEPLOYMENT_TARGET = 17.0;
				LOCALIZATION_PREFERS_STRING_CATALOGS = YES;
				MTL_ENABLE_DEBUG_INFO = NO;
				MTL_FAST_MATH = YES;
				SDKROOT = iphoneos;
				SWIFT_COMPILATION_MODE = wholemodule;
				VALIDATE_PRODUCT = YES;
			};
			name = Release;
		};
		FAF7662E2C1FE8AF00DE9D05 /* Debug */ = {
			isa = XCBuildConfiguration;
			buildSettings = {
				ASSETCATALOG_COMPILER_APPICON_NAME = AppIcon;
				ASSETCATALOG_COMPILER_GLOBAL_ACCENT_COLOR_NAME = AccentColor;
				CODE_SIGN_STYLE = Automatic;
				CURRENT_PROJECT_VERSION = 1;
				GENERATE_INFOPLIST_FILE = YES;
				INFOPLIST_FILE = FileManager/Info.plist;
				INFOPLIST_KEY_UIApplicationSupportsIndirectInputEvents = YES;
				INFOPLIST_KEY_UILaunchStoryboardName = LaunchScreen;
				INFOPLIST_KEY_UIMainStoryboardFile = Main;
				INFOPLIST_KEY_UISupportedInterfaceOrientations_iPad = "UIInterfaceOrientationPortrait UIInterfaceOrientationPortraitUpsideDown UIInterfaceOrientationLandscapeLeft UIInterfaceOrientationLandscapeRight";
				INFOPLIST_KEY_UISupportedInterfaceOrientations_iPhone = "UIInterfaceOrientationPortrait UIInterfaceOrientationLandscapeLeft UIInterfaceOrientationLandscapeRight";
				LD_RUNPATH_SEARCH_PATHS = (
					"$(inherited)",
					"@executable_path/Frameworks",
				);
				MARKETING_VERSION = 1.0;
				PRODUCT_BUNDLE_IDENTIFIER = com.sown.FileManager;
				PRODUCT_NAME = "$(TARGET_NAME)";
				SUPPORTED_PLATFORMS = "iphoneos iphonesimulator";
				SUPPORTS_MACCATALYST = NO;
				SWIFT_EMIT_LOC_STRINGS = YES;
				SWIFT_VERSION = 5.0;
				TARGETED_DEVICE_FAMILY = 1;
			};
			name = Debug;
		};
		FAF7662F2C1FE8AF00DE9D05 /* Release */ = {
			isa = XCBuildConfiguration;
			buildSettings = {
				ASSETCATALOG_COMPILER_APPICON_NAME = AppIcon;
				ASSETCATALOG_COMPILER_GLOBAL_ACCENT_COLOR_NAME = AccentColor;
				CODE_SIGN_STYLE = Automatic;
				CURRENT_PROJECT_VERSION = 1;
				GENERATE_INFOPLIST_FILE = YES;
				INFOPLIST_FILE = FileManager/Info.plist;
				INFOPLIST_KEY_UIApplicationSupportsIndirectInputEvents = YES;
				INFOPLIST_KEY_UILaunchStoryboardName = LaunchScreen;
				INFOPLIST_KEY_UIMainStoryboardFile = Main;
				INFOPLIST_KEY_UISupportedInterfaceOrientations_iPad = "UIInterfaceOrientationPortrait UIInterfaceOrientationPortraitUpsideDown UIInterfaceOrientationLandscapeLeft UIInterfaceOrientationLandscapeRight";
				INFOPLIST_KEY_UISupportedInterfaceOrientations_iPhone = "UIInterfaceOrientationPortrait UIInterfaceOrientationLandscapeLeft UIInterfaceOrientationLandscapeRight";
				LD_RUNPATH_SEARCH_PATHS = (
					"$(inherited)",
					"@executable_path/Frameworks",
				);
				MARKETING_VERSION = 1.0;
				PRODUCT_BUNDLE_IDENTIFIER = com.sown.FileManager;
				PRODUCT_NAME = "$(TARGET_NAME)";
				SUPPORTED_PLATFORMS = "iphoneos iphonesimulator";
				SUPPORTS_MACCATALYST = NO;
				SWIFT_EMIT_LOC_STRINGS = YES;
				SWIFT_VERSION = 5.0;
				TARGETED_DEVICE_FAMILY = 1;
			};
			name = Release;
		};
/* End XCBuildConfiguration section */

/* Begin XCConfigurationList section */
		FAF766142C1FE8AD00DE9D05 /* Build configuration list for PBXProject "FileManager" */ = {
			isa = XCConfigurationList;
			buildConfigurations = (
				FAF7662B2C1FE8AF00DE9D05 /* Debug */,
				FAF7662C2C1FE8AF00DE9D05 /* Release */,
			);
			defaultConfigurationIsVisible = 0;
			defaultConfigurationName = Release;
		};
		FAF7662D2C1FE8AF00DE9D05 /* Build configuration list for PBXNativeTarget "FileManager" */ = {
			isa = XCConfigurationList;
			buildConfigurations = (
				FAF7662E2C1FE8AF00DE9D05 /* Debug */,
				FAF7662F2C1FE8AF00DE9D05 /* Release */,
			);
			defaultConfigurationIsVisible = 0;
			defaultConfigurationName = Release;
		};
/* End XCConfigurationList section */

/* Begin XCVersionGroup section */
		FA1090B22C22617300BB1437 /* FileManager.xcdatamodeld */ = {
			isa = XCVersionGroup;
			children = (
				FA1090B32C22617300BB1437 /* FileManager.xcdatamodel */,
			);
			currentVersion = FA1090B32C22617300BB1437 /* FileManager.xcdatamodel */;
			path = FileManager.xcdatamodeld;
			sourceTree = "<group>";
			versionGroupType = wrapper.xcdatamodel;
		};
/* End XCVersionGroup section */
	};
	rootObject = FAF766112C1FE8AD00DE9D05 /* Project object */;
}
